
Microsoft Visual Studio Solution File, Format Version 12.00
# Visual Studio 15
VisualStudioVersion = 15.0.27703.2018
MinimumVisualStudioVersion = 10.0.40219.1
Project("{FAE04EC0-301F-11D3-BF4B-00C04F79EFBC}") = "Cadastro_Cliente_Ponto", "Cadastro_Cliente_Ponto\Cadastro_Cliente_Ponto.csproj", "{FAEB67D3-238A-4B55-9C33-8F30DF770279}"
EndProject
Project("{FAE04EC0-301F-11D3-BF4B-00C04F79EFBC}") = "WindowsFormsApp1", "WindowsFormsApp1\WindowsFormsApp1.csproj", "{BE12179E-809C-46B5-8620-5BFA3FF11302}"
EndProject
Global
	GlobalSection(SolutionConfigurationPlatforms) = preSolution
		Debug|Any CPU = Debug|Any CPU
		Release|Any CPU = Release|Any CPU
	EndGlobalSection
	GlobalSection(ProjectConfigurationPlatforms) = postSolution
		{FAEB67D3-238A-4B55-9C33-8F30DF770279}.Debug|Any CPU.ActiveCfg = Debug|Any CPU
		{FAEB67D3-238A-4B55-9C33-8F30DF770279}.Debug|Any CPU.Build.0 = Debug|Any CPU
		{FAEB67D3-238A-4B55-9C33-8F30DF770279}.Release|Any CPU.ActiveCfg = Release|Any CPU
		{FAEB67D3-238A-4B55-9C33-8F30DF770279}.Release|Any CPU.Build.0 = Release|Any CPU
		{BE12179E-809C-46B5-8620-5BFA3FF11302}.Debug|Any CPU.ActiveCfg = Debug|Any CPU
		{BE12179E-809C-46B5-8620-5BFA3FF11302}.Debug|Any CPU.Build.0 = Debug|Any CPU
		{BE12179E-809C-46B5-8620-5BFA3FF11302}.Release|Any CPU.ActiveCfg = Release|Any CPU
		{BE12179E-809C-46B5-8620-5BFA3FF11302}.Release|Any CPU.Build.0 = Release|Any CPU
	EndGlobalSection
	GlobalSection(SolutionProperties) = preSolution
		HideSolutionNode = FALSE
	EndGlobalSection
	GlobalSection(ExtensibilityGlobals) = postSolution
		SolutionGuid = {FD25E82E-7E1F-4014-8F0B-43923E12CAA7}
	EndGlobalSection
EndGlobal
